{
  "version": 4,
  "terraform_version": "0.12.7",
  "serial": 119,
  "lineage": "4cc2ab20-c817-d862-ae67-c88534a28e72",
  "outputs": {},
  "resources": [
    {
      "module": "module.my_vnet",
      "mode": "managed",
      "type": "azurerm_network_interface",
      "name": "main",
      "provider": "module.my_vnet.provider.azurerm",
      "instances": [
        {
          "schema_version": 0,
          "attributes": {
            "applied_dns_servers": [],
            "dns_servers": [],
            "enable_accelerated_networking": false,
            "enable_ip_forwarding": false,
            "id": "/subscriptions/cd26a41b-0f09-42bc-b779-7916ac828638/resourceGroups/tfvmex-resources/providers/Microsoft.Network/networkInterfaces/tfvmex-jimi",
            "internal_dns_name_label": "",
            "internal_fqdn": "",
            "ip_configuration": [
              {
                "application_gateway_backend_address_pools_ids": [],
                "application_security_group_ids": [],
                "load_balancer_backend_address_pools_ids": [],
                "load_balancer_inbound_nat_rules_ids": [],
                "name": "testconfiguration1",
                "primary": true,
                "private_ip_address": "",
                "private_ip_address_allocation": "dynamic",
                "private_ip_address_version": "IPv4",
                "public_ip_address_id": "/subscriptions/cd26a41b-0f09-42bc-b779-7916ac828638/resourceGroups/tfvmex-resources/providers/Microsoft.Network/publicIPAddresses/PublicIp1",
                "subnet_id": "/subscriptions/cd26a41b-0f09-42bc-b779-7916ac828638/resourceGroups/tfvmex-resources/providers/Microsoft.Network/virtualNetworks/tfvmex-network/subnets/internal"
              }
            ],
            "location": "westus2",
            "mac_address": "00-0D-3A-F7-04-84",
            "name": "tfvmex-jimi",
            "network_security_group_id": "",
            "private_ip_address": "10.0.2.4",
            "private_ip_addresses": [
              "10.0.2.4"
            ],
            "resource_group_name": "tfvmex-resources",
            "tags": {},
            "virtual_machine_id": "/subscriptions/cd26a41b-0f09-42bc-b779-7916ac828638/resourceGroups/tfvmex-resources/providers/Microsoft.Compute/virtualMachines/tfvmex-vm"
          },
          "private": "bnVsbA==",
          "depends_on": [
            "azurerm_public_ip.test",
            "azurerm_subnet.internal"
          ]
        }
      ]
    },
    {
      "module": "module.my_vnet",
      "mode": "managed",
      "type": "azurerm_public_ip",
      "name": "test",
      "provider": "module.my_vnet.provider.azurerm",
      "instances": [
        {
          "schema_version": 0,
          "attributes": {
            "allocation_method": "Static",
            "domain_name_label": null,
            "fqdn": null,
            "id": "/subscriptions/cd26a41b-0f09-42bc-b779-7916ac828638/resourceGroups/tfvmex-resources/providers/Microsoft.Network/publicIPAddresses/PublicIp1",
            "idle_timeout_in_minutes": 4,
            "ip_address": "13.66.246.97",
            "ip_version": "IPv4",
            "location": "westus2",
            "name": "PublicIp1",
            "public_ip_address_allocation": "Static",
            "public_ip_prefix_id": null,
            "resource_group_name": "tfvmex-resources",
            "reverse_fqdn": null,
            "sku": "Basic",
            "tags": {},
            "zones": []
          },
          "private": "bnVsbA=="
        }
      ]
    },
    {
      "mode": "managed",
      "type": "azurerm_resource_group",
      "name": "main",
      "provider": "provider.azurerm",
      "instances": [
        {
          "schema_version": 0,
          "attributes": {
            "id": "/subscriptions/cd26a41b-0f09-42bc-b779-7916ac828638/resourceGroups/tfvmex-resources",
            "location": "westus2",
            "name": "tfvmex-resources",
            "tags": {}
          },
          "private": "bnVsbA=="
        }
      ]
    },
    {
      "module": "module.my_vnet",
      "mode": "managed",
      "type": "azurerm_subnet",
      "name": "internal",
      "provider": "module.my_vnet.provider.azurerm",
      "instances": [
        {
          "schema_version": 0,
          "attributes": {
            "address_prefix": "10.0.2.0/24",
            "delegation": [],
            "id": "/subscriptions/cd26a41b-0f09-42bc-b779-7916ac828638/resourceGroups/tfvmex-resources/providers/Microsoft.Network/virtualNetworks/tfvmex-network/subnets/internal",
            "ip_configurations": [
              "/subscriptions/cd26a41b-0f09-42bc-b779-7916ac828638/resourceGroups/tfvmex-resources/providers/Microsoft.Network/networkInterfaces/tfvmex-jimi/ipConfigurations/testconfiguration1"
            ],
            "name": "internal",
            "network_security_group_id": "",
            "resource_group_name": "tfvmex-resources",
            "route_table_id": "",
            "service_endpoints": [],
            "virtual_network_name": "tfvmex-network"
          },
          "private": "bnVsbA==",
          "depends_on": [
            "azurerm_virtual_network.main"
          ]
        }
      ]
    },
    {
      "module": "module.my_vm",
      "mode": "managed",
      "type": "azurerm_virtual_machine",
      "name": "main",
      "provider": "module.my_vm.provider.azurerm",
      "instances": [
        {
          "schema_version": 0,
          "attributes": {
            "availability_set_id": null,
            "boot_diagnostics": [],
            "delete_data_disks_on_termination": false,
            "delete_os_disk_on_termination": false,
            "id": "/subscriptions/cd26a41b-0f09-42bc-b779-7916ac828638/resourceGroups/tfvmex-resources/providers/Microsoft.Compute/virtualMachines/tfvmex-vm",
            "identity": [],
            "license_type": null,
            "location": "westus2",
            "name": "tfvmex-vm",
            "network_interface_ids": [
              "/subscriptions/cd26a41b-0f09-42bc-b779-7916ac828638/resourceGroups/tfvmex-resources/providers/Microsoft.Network/networkInterfaces/tfvmex-jimi"
            ],
            "os_profile": [
              {
                "admin_password": "",
                "admin_username": "jimi",
                "computer_name": "hostname",
                "custom_data": ""
              }
            ],
            "os_profile_linux_config": [
              {
                "disable_password_authentication": false,
                "ssh_keys": []
              }
            ],
            "os_profile_secrets": [],
            "os_profile_windows_config": [],
            "plan": [],
            "primary_network_interface_id": null,
            "resource_group_name": "tfvmex-resources",
            "storage_data_disk": [
              {
                "caching": "None",
                "create_option": "Empty",
                "disk_size_gb": 50,
                "lun": 0,
                "managed_disk_id": "/subscriptions/cd26a41b-0f09-42bc-b779-7916ac828638/resourceGroups/tfvmex-resources/providers/Microsoft.Compute/disks/datadisk0",
                "managed_disk_type": "Premium_LRS",
                "name": "datadisk0",
                "vhd_uri": "",
                "write_accelerator_enabled": false
              }
            ],
            "storage_image_reference": [
              {
                "id": "",
                "offer": "UbuntuServer",
                "publisher": "Canonical",
                "sku": "16.04-LTS",
                "version": "latest"
              }
            ],
            "storage_os_disk": [
              {
                "caching": "ReadWrite",
                "create_option": "FromImage",
                "disk_size_gb": 30,
                "image_uri": "",
                "managed_disk_id": "/subscriptions/cd26a41b-0f09-42bc-b779-7916ac828638/resourceGroups/tfvmex-resources/providers/Microsoft.Compute/disks/myosdisk1",
                "managed_disk_type": "Standard_LRS",
                "name": "myosdisk1",
                "os_type": "Linux",
                "vhd_uri": "",
                "write_accelerator_enabled": false
              }
            ],
            "tags": {
              "environment": "staging"
            },
            "vm_size": "Standard_F2s_v2",
            "zones": []
          },
          "private": "bnVsbA=="
        }
      ]
    },
    {
      "module": "module.my_vnet",
      "mode": "managed",
      "type": "azurerm_virtual_network",
      "name": "main",
      "provider": "module.my_vnet.provider.azurerm",
      "instances": [
        {
          "schema_version": 0,
          "attributes": {
            "address_space": [
              "10.0.0.0/16"
            ],
            "ddos_protection_plan": [],
            "dns_servers": [],
            "id": "/subscriptions/cd26a41b-0f09-42bc-b779-7916ac828638/resourceGroups/tfvmex-resources/providers/Microsoft.Network/virtualNetworks/tfvmex-network",
            "location": "westus2",
            "name": "tfvmex-network",
            "resource_group_name": "tfvmex-resources",
            "subnet": [
              {
                "address_prefix": "10.0.2.0/24",
                "id": "/subscriptions/cd26a41b-0f09-42bc-b779-7916ac828638/resourceGroups/tfvmex-resources/providers/Microsoft.Network/virtualNetworks/tfvmex-network/subnets/internal",
                "name": "internal",
                "security_group": ""
              }
            ],
            "tags": {}
          },
          "private": "bnVsbA=="
        }
      ]
    }
  ]
}
